
Microsoft Visual Studio Solution File, Format Version 12.00
# Visual Studio Version 16
VisualStudioVersion = 16.0.29503.13
MinimumVisualStudioVersion = 10.0.40219.1
Project("{8BC9CEB8-8B4A-11D0-8D11-00A0C91BC942}") = "SandBox", "SandBox\SandBox.vcxproj", "{3DF26F86-6215-4555-9846-F6AC53907248}"
EndProject
Project("{8BC9CEB8-8B4A-11D0-8D11-00A0C91BC942}") = "Engine", "Engine\Engine.vcxproj", "{F47B6782-B16E-4FB1-98C5-D539F758769B}"
EndProject
Global
	GlobalSection(SolutionConfigurationPlatforms) = preSolution
		Debug|x64 = Debug|x64
		Release|x64 = Release|x64
	EndGlobalSection
	GlobalSection(ProjectConfigurationPlatforms) = postSolution
		{F47B6782-B16E-4FB1-98C5-D539F758769B}.Debug|x64.ActiveCfg = Debug|x64
		{F47B6782-B16E-4FB1-98C5-D539F758769B}.Debug|x64.Build.0 = Debug|x64
		{F47B6782-B16E-4FB1-98C5-D539F758769B}.Release|x64.ActiveCfg = Release|x64
		{F47B6782-B16E-4FB1-98C5-D539F758769B}.Release|x64.Build.0 = Release|x64
		{3DF26F86-6215-4555-9846-F6AC53907248}.Debug|x64.ActiveCfg = Debug|x64
		{3DF26F86-6215-4555-9846-F6AC53907248}.Debug|x64.Build.0 = Debug|x64
		{3DF26F86-6215-4555-9846-F6AC53907248}.Release|x64.ActiveCfg = Release|x64
		{3DF26F86-6215-4555-9846-F6AC53907248}.Release|x64.Build.0 = Release|x64
	EndGlobalSection
	GlobalSection(SolutionProperties) = preSolution
		HideSolutionNode = FALSE
	EndGlobalSection
	GlobalSection(ExtensibilityGlobals) = postSolution
		SolutionGuid = {D95DE752-2856-4C78-B534-C5480C19CFDD}
	EndGlobalSection
EndGlobal
